
Microsoft Visual Studio Solution File, Format Version 12.00
# Visual Studio Version 17
VisualStudioVersion = 17.0.32014.148
MinimumVisualStudioVersion = 10.0.40219.1
Project("{FAE04EC0-301F-11D3-BF4B-00C04F79EFBC}") = "AulaEnum", "AulaEnum\AulaEnum.csproj", "{E3A59710-2517-4FAC-A00C-FA08D68EC5EB}"
EndProject
Global
	GlobalSection(SolutionConfigurationPlatforms) = preSolution
		Debug|Any CPU = Debug|Any CPU
		Release|Any CPU = Release|Any CPU
	EndGlobalSection
	GlobalSection(ProjectConfigurationPlatforms) = postSolution
		{E3A59710-2517-4FAC-A00C-FA08D68EC5EB}.Debug|Any CPU.ActiveCfg = Debug|Any CPU
		{E3A59710-2517-4FAC-A00C-FA08D68EC5EB}.Debug|Any CPU.Build.0 = Debug|Any CPU
		{E3A59710-2517-4FAC-A00C-FA08D68EC5EB}.Release|Any CPU.ActiveCfg = Release|Any CPU
		{E3A59710-2517-4FAC-A00C-FA08D68EC5EB}.Release|Any CPU.Build.0 = Release|Any CPU
	EndGlobalSection
	GlobalSection(SolutionProperties) = preSolution
		HideSolutionNode = FALSE
	EndGlobalSection
	GlobalSection(ExtensibilityGlobals) = postSolution
		SolutionGuid = {D5AAD942-C904-4D08-BC3C-43B0C61EE218}
	EndGlobalSection
EndGlobal
